
Microsoft Visual Studio Solution File, Format Version 12.00
# Visual Studio Version 16
VisualStudioVersion = 16.0.30621.155
MinimumVisualStudioVersion = 10.0.40219.1
Project("{9A19103F-16F7-4668-BE54-9A1E7A4F7556}") = "BlazorDapperCRUD", "BlazorDapperCRUD\BlazorDapperCRUD.csproj", "{0215AE06-BA09-40BE-889D-6C37DBCC04B9}"
EndProject
Global
	GlobalSection(SolutionConfigurationPlatforms) = preSolution
		Debug|Any CPU = Debug|Any CPU
		Release|Any CPU = Release|Any CPU
	EndGlobalSection
	GlobalSection(ProjectConfigurationPlatforms) = postSolution
		{0215AE06-BA09-40BE-889D-6C37DBCC04B9}.Debug|Any CPU.ActiveCfg = Debug|Any CPU
		{0215AE06-BA09-40BE-889D-6C37DBCC04B9}.Debug|Any CPU.Build.0 = Debug|Any CPU
		{0215AE06-BA09-40BE-889D-6C37DBCC04B9}.Release|Any CPU.ActiveCfg = Release|Any CPU
		{0215AE06-BA09-40BE-889D-6C37DBCC04B9}.Release|Any CPU.Build.0 = Release|Any CPU
	EndGlobalSection
	GlobalSection(SolutionProperties) = preSolution
		HideSolutionNode = FALSE
	EndGlobalSection
	GlobalSection(ExtensibilityGlobals) = postSolution
		SolutionGuid = {19CE96D6-1292-4994-81A9-99EFC13EAA96}
	EndGlobalSection
EndGlobal
